
Microsoft Visual Studio Solution File, Format Version 12.00
# Visual Studio Version 17
VisualStudioVersion = 17.7.34018.315
MinimumVisualStudioVersion = 10.0.40219.1
Project("{FAE04EC0-301F-11D3-BF4B-00C04F79EFBC}") = "Uppgift_6.2", "Uppgift_6.2\Uppgift_6.2.csproj", "{36220C45-F384-4056-A23A-E991E7187C93}"
EndProject
Global
	GlobalSection(SolutionConfigurationPlatforms) = preSolution
		Debug|Any CPU = Debug|Any CPU
		Release|Any CPU = Release|Any CPU
	EndGlobalSection
	GlobalSection(ProjectConfigurationPlatforms) = postSolution
		{36220C45-F384-4056-A23A-E991E7187C93}.Debug|Any CPU.ActiveCfg = Debug|Any CPU
		{36220C45-F384-4056-A23A-E991E7187C93}.Debug|Any CPU.Build.0 = Debug|Any CPU
		{36220C45-F384-4056-A23A-E991E7187C93}.Release|Any CPU.ActiveCfg = Release|Any CPU
		{36220C45-F384-4056-A23A-E991E7187C93}.Release|Any CPU.Build.0 = Release|Any CPU
	EndGlobalSection
	GlobalSection(SolutionProperties) = preSolution
		HideSolutionNode = FALSE
	EndGlobalSection
	GlobalSection(ExtensibilityGlobals) = postSolution
		SolutionGuid = {64184CFE-5079-4D71-82CE-802F9C6B3131}
	EndGlobalSection
EndGlobal
